
Microsoft Visual Studio Solution File, Format Version 12.00
# Visual Studio Version 16
VisualStudioVersion = 16.0.31702.278
MinimumVisualStudioVersion = 10.0.40219.1
Project("{2150E333-8FDC-42A3-9474-1A3956D46DE8}") = "Solution Items", "Solution Items", "{E2D9815F-6FF8-4A4C-A13C-0770C9E9A2AF}"
	ProjectSection(SolutionItems) = preProject
		ProjeAdimlari.txt = ProjeAdimlari.txt
	EndProjectSection
EndProject
Project("{FAE04EC0-301F-11D3-BF4B-00C04F79EFBC}") = "Project.ENTITIES", "Project.ENTITIES\Project.ENTITIES.csproj", "{32CFDF10-0B7F-47AD-BA5C-AF7FCC3BF32E}"
EndProject
Project("{FAE04EC0-301F-11D3-BF4B-00C04F79EFBC}") = "Project.MAP", "Project.MAP\Project.MAP.csproj", "{D8A2E82F-6213-4E52-A3E4-5886F70A398A}"
EndProject
Project("{FAE04EC0-301F-11D3-BF4B-00C04F79EFBC}") = "Project.DAL", "Project.DAL\Project.DAL.csproj", "{2414D3D8-FB12-4EE1-8A2E-662B91CB122E}"
EndProject
Project("{FAE04EC0-301F-11D3-BF4B-00C04F79EFBC}") = "Project.BLL", "Project.BLL\Project.BLL.csproj", "{48EFC2E8-56D3-48CD-902A-DEA16CA0631F}"
EndProject
Project("{FAE04EC0-301F-11D3-BF4B-00C04F79EFBC}") = "Project.WinUI", "Project.WinUI\Project.WinUI.csproj", "{49F6BECC-3225-481D-8D88-291E5CD8ACB8}"
EndProject
Global
	GlobalSection(SolutionConfigurationPlatforms) = preSolution
		Debug|Any CPU = Debug|Any CPU
		Release|Any CPU = Release|Any CPU
	EndGlobalSection
	GlobalSection(ProjectConfigurationPlatforms) = postSolution
		{32CFDF10-0B7F-47AD-BA5C-AF7FCC3BF32E}.Debug|Any CPU.ActiveCfg = Debug|Any CPU
		{32CFDF10-0B7F-47AD-BA5C-AF7FCC3BF32E}.Debug|Any CPU.Build.0 = Debug|Any CPU
		{32CFDF10-0B7F-47AD-BA5C-AF7FCC3BF32E}.Release|Any CPU.ActiveCfg = Release|Any CPU
		{32CFDF10-0B7F-47AD-BA5C-AF7FCC3BF32E}.Release|Any CPU.Build.0 = Release|Any CPU
		{D8A2E82F-6213-4E52-A3E4-5886F70A398A}.Debug|Any CPU.ActiveCfg = Debug|Any CPU
		{D8A2E82F-6213-4E52-A3E4-5886F70A398A}.Debug|Any CPU.Build.0 = Debug|Any CPU
		{D8A2E82F-6213-4E52-A3E4-5886F70A398A}.Release|Any CPU.ActiveCfg = Release|Any CPU
		{D8A2E82F-6213-4E52-A3E4-5886F70A398A}.Release|Any CPU.Build.0 = Release|Any CPU
		{2414D3D8-FB12-4EE1-8A2E-662B91CB122E}.Debug|Any CPU.ActiveCfg = Debug|Any CPU
		{2414D3D8-FB12-4EE1-8A2E-662B91CB122E}.Debug|Any CPU.Build.0 = Debug|Any CPU
		{2414D3D8-FB12-4EE1-8A2E-662B91CB122E}.Release|Any CPU.ActiveCfg = Release|Any CPU
		{2414D3D8-FB12-4EE1-8A2E-662B91CB122E}.Release|Any CPU.Build.0 = Release|Any CPU
		{48EFC2E8-56D3-48CD-902A-DEA16CA0631F}.Debug|Any CPU.ActiveCfg = Debug|Any CPU
		{48EFC2E8-56D3-48CD-902A-DEA16CA0631F}.Debug|Any CPU.Build.0 = Debug|Any CPU
		{48EFC2E8-56D3-48CD-902A-DEA16CA0631F}.Release|Any CPU.ActiveCfg = Release|Any CPU
		{48EFC2E8-56D3-48CD-902A-DEA16CA0631F}.Release|Any CPU.Build.0 = Release|Any CPU
		{49F6BECC-3225-481D-8D88-291E5CD8ACB8}.Debug|Any CPU.ActiveCfg = Debug|Any CPU
		{49F6BECC-3225-481D-8D88-291E5CD8ACB8}.Debug|Any CPU.Build.0 = Debug|Any CPU
		{49F6BECC-3225-481D-8D88-291E5CD8ACB8}.Release|Any CPU.ActiveCfg = Release|Any CPU
		{49F6BECC-3225-481D-8D88-291E5CD8ACB8}.Release|Any CPU.Build.0 = Release|Any CPU
	EndGlobalSection
	GlobalSection(SolutionProperties) = preSolution
		HideSolutionNode = FALSE
	EndGlobalSection
	GlobalSection(ExtensibilityGlobals) = postSolution
		SolutionGuid = {397AC8A4-5B17-40BA-8EF0-B7698F553BB6}
	EndGlobalSection
EndGlobal
